// !$*UTF8*$!
{
	archiveVersion = 1;
	classes = {
	};
	objectVersion = 50;
	objects = {

/* Begin PBXBuildFile section */
		74F0B4F726125798001FDB79 /* AppDelegate.swift in Sources */ = {isa = PBXBuildFile; fileRef = 74F0B4F626125798001FDB79 /* AppDelegate.swift */; };
		74F0B4F926125798001FDB79 /* art.scnassets in Resources */ = {isa = PBXBuildFile; fileRef = 74F0B4F826125798001FDB79 /* art.scnassets */; };
		74F0B4FE26125798001FDB79 /* Main.storyboard in Resources */ = {isa = PBXBuildFile; fileRef = 74F0B4FC26125798001FDB79 /* Main.storyboard */; };
		74F0B50026125799001FDB79 /* Assets.xcassets in Resources */ = {isa = PBXBuildFile; fileRef = 74F0B4FF26125799001FDB79 /* Assets.xcassets */; };
		74F0B50326125799001FDB79 /* LaunchScreen.storyboard in Resources */ = {isa = PBXBuildFile; fileRef = 74F0B50126125799001FDB79 /* LaunchScreen.storyboard */; };
		74F0B50E26125799001FDB79 /* multiIdentifyTests.swift in Sources */ = {isa = PBXBuildFile; fileRef = 74F0B50D26125799001FDB79 /* multiIdentifyTests.swift */; };
		74F0B51926125799001FDB79 /* multiIdentifyUITests.swift in Sources */ = {isa = PBXBuildFile; fileRef = 74F0B51826125799001FDB79 /* multiIdentifyUITests.swift */; };
		74F0B52F261257D4001FDB79 /* Step.swift in Sources */ = {isa = PBXBuildFile; fileRef = 74F0B52D261257D4001FDB79 /* Step.swift */; };
		74F0B53426125B4B001FDB79 /* InstructionText.swift in Sources */ = {isa = PBXBuildFile; fileRef = 74F0B53326125B4B001FDB79 /* InstructionText.swift */; };
		74F53B01264B132D00DDB0E5 /* LoginViewController.swift in Sources */ = {isa = PBXBuildFile; fileRef = 74F53B00264B132D00DDB0E5 /* LoginViewController.swift */; };
		74F53B0C264B153800DDB0E5 /* arViewController.swift in Sources */ = {isa = PBXBuildFile; fileRef = 74F53B0B264B153800DDB0E5 /* arViewController.swift */; };
		74F53B14264B164600DDB0E5 /* libraryViewController.swift in Sources */ = {isa = PBXBuildFile; fileRef = 74F53B13264B164600DDB0E5 /* libraryViewController.swift */; };
		74F53B1E264B16E800DDB0E5 /* CreateController.swift in Sources */ = {isa = PBXBuildFile; fileRef = 74F53B1D264B16E800DDB0E5 /* CreateController.swift */; };
		C378D1A22633BD1D008DB6E1 /* JsonDecode.swift in Sources */ = {isa = PBXBuildFile; fileRef = C378D1A12633BD1D008DB6E1 /* JsonDecode.swift */; };
		C378D1AD26349455008DB6E1 /* cadoo.json in Resources */ = {isa = PBXBuildFile; fileRef = C378D1AC26349455008DB6E1 /* cadoo.json */; };
		C378D1B5263496E8008DB6E1 /* pbj.json in Resources */ = {isa = PBXBuildFile; fileRef = C378D1B4263496E8008DB6E1 /* pbj.json */; };
		C378D1BD263498B9008DB6E1 /* airFilter.json in Resources */ = {isa = PBXBuildFile; fileRef = C378D1BC263498B9008DB6E1 /* airFilter.json */; };
/* End PBXBuildFile section */

/* Begin PBXContainerItemProxy section */
		74F0B50A26125799001FDB79 /* PBXContainerItemProxy */ = {
			isa = PBXContainerItemProxy;
			containerPortal = 74F0B4EB26125798001FDB79 /* Project object */;
			proxyType = 1;
			remoteGlobalIDString = 74F0B4F226125798001FDB79;
			remoteInfo = multiIdentify;
		};
		74F0B51526125799001FDB79 /* PBXContainerItemProxy */ = {
			isa = PBXContainerItemProxy;
			containerPortal = 74F0B4EB26125798001FDB79 /* Project object */;
			proxyType = 1;
			remoteGlobalIDString = 74F0B4F226125798001FDB79;
			remoteInfo = multiIdentify;
		};
/* End PBXContainerItemProxy section */

/* Begin PBXFileReference section */
		74F0B4F326125798001FDB79 /* multiIdentify.app */ = {isa = PBXFileReference; explicitFileType = wrapper.application; includeInIndex = 0; path = multiIdentify.app; sourceTree = BUILT_PRODUCTS_DIR; };
		74F0B4F626125798001FDB79 /* AppDelegate.swift */ = {isa = PBXFileReference; lastKnownFileType = sourcecode.swift; path = AppDelegate.swift; sourceTree = "<group>"; };
		74F0B4F826125798001FDB79 /* art.scnassets */ = {isa = PBXFileReference; lastKnownFileType = wrapper.scnassets; path = art.scnassets; sourceTree = "<group>"; };
		74F0B4FD26125798001FDB79 /* Base */ = {isa = PBXFileReference; lastKnownFileType = file.storyboard; name = Base; path = Base.lproj/Main.storyboard; sourceTree = "<group>"; };
		74F0B4FF26125799001FDB79 /* Assets.xcassets */ = {isa = PBXFileReference; lastKnownFileType = folder.assetcatalog; path = Assets.xcassets; sourceTree = "<group>"; };
		74F0B50226125799001FDB79 /* Base */ = {isa = PBXFileReference; lastKnownFileType = file.storyboard; name = Base; path = Base.lproj/LaunchScreen.storyboard; sourceTree = "<group>"; };
		74F0B50426125799001FDB79 /* Info.plist */ = {isa = PBXFileReference; lastKnownFileType = text.plist.xml; path = Info.plist; sourceTree = "<group>"; };
		74F0B50926125799001FDB79 /* multiIdentifyTests.xctest */ = {isa = PBXFileReference; explicitFileType = wrapper.cfbundle; includeInIndex = 0; path = multiIdentifyTests.xctest; sourceTree = BUILT_PRODUCTS_DIR; };
		74F0B50D26125799001FDB79 /* multiIdentifyTests.swift */ = {isa = PBXFileReference; lastKnownFileType = sourcecode.swift; path = multiIdentifyTests.swift; sourceTree = "<group>"; };
		74F0B50F26125799001FDB79 /* Info.plist */ = {isa = PBXFileReference; lastKnownFileType = text.plist.xml; path = Info.plist; sourceTree = "<group>"; };
		74F0B51426125799001FDB79 /* multiIdentifyUITests.xctest */ = {isa = PBXFileReference; explicitFileType = wrapper.cfbundle; includeInIndex = 0; path = multiIdentifyUITests.xctest; sourceTree = BUILT_PRODUCTS_DIR; };
		74F0B51826125799001FDB79 /* multiIdentifyUITests.swift */ = {isa = PBXFileReference; lastKnownFileType = sourcecode.swift; path = multiIdentifyUITests.swift; sourceTree = "<group>"; };
		74F0B51A26125799001FDB79 /* Info.plist */ = {isa = PBXFileReference; lastKnownFileType = text.plist.xml; path = Info.plist; sourceTree = "<group>"; };
		74F0B52D261257D4001FDB79 /* Step.swift */ = {isa = PBXFileReference; fileEncoding = 4; lastKnownFileType = sourcecode.swift; path = Step.swift; sourceTree = "<group>"; };
		74F0B53326125B4B001FDB79 /* InstructionText.swift */ = {isa = PBXFileReference; lastKnownFileType = sourcecode.swift; path = InstructionText.swift; sourceTree = "<group>"; };
		74F53B00264B132D00DDB0E5 /* LoginViewController.swift */ = {isa = PBXFileReference; lastKnownFileType = sourcecode.swift; path = LoginViewController.swift; sourceTree = "<group>"; };
		74F53B0B264B153800DDB0E5 /* arViewController.swift */ = {isa = PBXFileReference; lastKnownFileType = sourcecode.swift; path = arViewController.swift; sourceTree = "<group>"; };
		74F53B13264B164600DDB0E5 /* libraryViewController.swift */ = {isa = PBXFileReference; lastKnownFileType = sourcecode.swift; path = libraryViewController.swift; sourceTree = "<group>"; };
		74F53B1D264B16E800DDB0E5 /* CreateController.swift */ = {isa = PBXFileReference; lastKnownFileType = sourcecode.swift; path = CreateController.swift; sourceTree = "<group>"; };
		C378D1A12633BD1D008DB6E1 /* JsonDecode.swift */ = {isa = PBXFileReference; lastKnownFileType = sourcecode.swift; path = JsonDecode.swift; sourceTree = "<group>"; };
		C378D1AC26349455008DB6E1 /* cadoo.json */ = {isa = PBXFileReference; lastKnownFileType = text.json; path = cadoo.json; sourceTree = "<group>"; };
		C378D1B4263496E8008DB6E1 /* pbj.json */ = {isa = PBXFileReference; lastKnownFileType = text.json; path = pbj.json; sourceTree = "<group>"; };
		C378D1BC263498B9008DB6E1 /* airFilter.json */ = {isa = PBXFileReference; lastKnownFileType = text.json; path = airFilter.json; sourceTree = "<group>"; };
/* End PBXFileReference section */

/* Begin PBXFrameworksBuildPhase section */
		74F0B4F026125798001FDB79 /* Frameworks */ = {
			isa = PBXFrameworksBuildPhase;
			buildActionMask = 2147483647;
			files = (
			);
			runOnlyForDeploymentPostprocessing = 0;
		};
		74F0B50626125799001FDB79 /* Frameworks */ = {
			isa = PBXFrameworksBuildPhase;
			buildActionMask = 2147483647;
			files = (
			);
			runOnlyForDeploymentPostprocessing = 0;
		};
		74F0B51126125799001FDB79 /* Frameworks */ = {
			isa = PBXFrameworksBuildPhase;
			buildActionMask = 2147483647;
			files = (
			);
			runOnlyForDeploymentPostprocessing = 0;
		};
/* End PBXFrameworksBuildPhase section */

/* Begin PBXGroup section */
		74F0B4EA26125798001FDB79 = {
			isa = PBXGroup;
			children = (
				74F53B1D264B16E800DDB0E5 /* CreateController.swift */,
				74F0B4F526125798001FDB79 /* multiIdentify */,
				74F0B50C26125799001FDB79 /* multiIdentifyTests */,
				74F0B51726125799001FDB79 /* multiIdentifyUITests */,
				74F0B4F426125798001FDB79 /* Products */,
			);
			sourceTree = "<group>";
		};
		74F0B4F426125798001FDB79 /* Products */ = {
			isa = PBXGroup;
			children = (
				74F0B4F326125798001FDB79 /* multiIdentify.app */,
				74F0B50926125799001FDB79 /* multiIdentifyTests.xctest */,
				74F0B51426125799001FDB79 /* multiIdentifyUITests.xctest */,
			);
			name = Products;
			sourceTree = "<group>";
		};
		74F0B4F526125798001FDB79 /* multiIdentify */ = {
			isa = PBXGroup;
			children = (
				C378D1AB26349440008DB6E1 /* InstructionSets */,
				74F0B52D261257D4001FDB79 /* Step.swift */,
				74F53B0B264B153800DDB0E5 /* arViewController.swift */,
				74F0B4F626125798001FDB79 /* AppDelegate.swift */,
				74F0B4F826125798001FDB79 /* art.scnassets */,
				74F0B4FC26125798001FDB79 /* Main.storyboard */,
				74F0B4FF26125799001FDB79 /* Assets.xcassets */,
				74F0B50126125799001FDB79 /* LaunchScreen.storyboard */,
				74F0B50426125799001FDB79 /* Info.plist */,
				74F53B13264B164600DDB0E5 /* libraryViewController.swift */,
				74F53B00264B132D00DDB0E5 /* LoginViewController.swift */,
				74F0B53326125B4B001FDB79 /* InstructionText.swift */,
				C378D1A12633BD1D008DB6E1 /* JsonDecode.swift */,
			);
			path = multiIdentify;
			sourceTree = "<group>";
		};
		74F0B50C26125799001FDB79 /* multiIdentifyTests */ = {
			isa = PBXGroup;
			children = (
				74F0B50D26125799001FDB79 /* multiIdentifyTests.swift */,
				74F0B50F26125799001FDB79 /* Info.plist */,
			);
			path = multiIdentifyTests;
			sourceTree = "<group>";
		};
		74F0B51726125799001FDB79 /* multiIdentifyUITests */ = {
			isa = PBXGroup;
			children = (
				74F0B51826125799001FDB79 /* multiIdentifyUITests.swift */,
				74F0B51A26125799001FDB79 /* Info.plist */,
			);
			path = multiIdentifyUITests;
			sourceTree = "<group>";
		};
		C378D1AB26349440008DB6E1 /* InstructionSets */ = {
			isa = PBXGroup;
			children = (
				C378D1AC26349455008DB6E1 /* cadoo.json */,
				C378D1B4263496E8008DB6E1 /* pbj.json */,
				C378D1BC263498B9008DB6E1 /* airFilter.json */,
			);
			path = InstructionSets;
			sourceTree = "<group>";
		};
/* End PBXGroup section */

/* Begin PBXNativeTarget section */
		74F0B4F226125798001FDB79 /* multiIdentify */ = {
			isa = PBXNativeTarget;
			buildConfigurationList = 74F0B51D26125799001FDB79 /* Build configuration list for PBXNativeTarget "multiIdentify" */;
			buildPhases = (
				74F0B4EF26125798001FDB79 /* Sources */,
				74F0B4F026125798001FDB79 /* Frameworks */,
				74F0B4F126125798001FDB79 /* Resources */,
			);
			buildRules = (
			);
			dependencies = (
			);
			name = multiIdentify;
			productName = multiIdentify;
			productReference = 74F0B4F326125798001FDB79 /* multiIdentify.app */;
			productType = "com.apple.product-type.application";
		};
		74F0B50826125799001FDB79 /* multiIdentifyTests */ = {
			isa = PBXNativeTarget;
			buildConfigurationList = 74F0B52026125799001FDB79 /* Build configuration list for PBXNativeTarget "multiIdentifyTests" */;
			buildPhases = (
				74F0B50526125799001FDB79 /* Sources */,
				74F0B50626125799001FDB79 /* Frameworks */,
				74F0B50726125799001FDB79 /* Resources */,
			);
			buildRules = (
			);
			dependencies = (
				74F0B50B26125799001FDB79 /* PBXTargetDependency */,
			);
			name = multiIdentifyTests;
			productName = multiIdentifyTests;
			productReference = 74F0B50926125799001FDB79 /* multiIdentifyTests.xctest */;
			productType = "com.apple.product-type.bundle.unit-test";
		};
		74F0B51326125799001FDB79 /* multiIdentifyUITests */ = {
			isa = PBXNativeTarget;
			buildConfigurationList = 74F0B52326125799001FDB79 /* Build configuration list for PBXNativeTarget "multiIdentifyUITests" */;
			buildPhases = (
				74F0B51026125799001FDB79 /* Sources */,
				74F0B51126125799001FDB79 /* Frameworks */,
				74F0B51226125799001FDB79 /* Resources */,
			);
			buildRules = (
			);
			dependencies = (
				74F0B51626125799001FDB79 /* PBXTargetDependency */,
			);
			name = multiIdentifyUITests;
			productName = multiIdentifyUITests;
			productReference = 74F0B51426125799001FDB79 /* multiIdentifyUITests.xctest */;
			productType = "com.apple.product-type.bundle.ui-testing";
		};
/* End PBXNativeTarget section */

/* Begin PBXProject section */
		74F0B4EB26125798001FDB79 /* Project object */ = {
			isa = PBXProject;
			attributes = {
				LastSwiftUpdateCheck = 1210;
				LastUpgradeCheck = 1210;
				TargetAttributes = {
					74F0B4F226125798001FDB79 = {
						CreatedOnToolsVersion = 12.1;
					};
					74F0B50826125799001FDB79 = {
						CreatedOnToolsVersion = 12.1;
						TestTargetID = 74F0B4F226125798001FDB79;
					};
					74F0B51326125799001FDB79 = {
						CreatedOnToolsVersion = 12.1;
						TestTargetID = 74F0B4F226125798001FDB79;
					};
				};
			};
			buildConfigurationList = 74F0B4EE26125798001FDB79 /* Build configuration list for PBXProject "multiIdentify" */;
			compatibilityVersion = "Xcode 9.3";
			developmentRegion = en;
			hasScannedForEncodings = 0;
			knownRegions = (
				en,
				Base,
			);
			mainGroup = 74F0B4EA26125798001FDB79;
			productRefGroup = 74F0B4F426125798001FDB79 /* Products */;
			projectDirPath = "";
			projectRoot = "";
			targets = (
				74F0B4F226125798001FDB79 /* multiIdentify */,
				74F0B50826125799001FDB79 /* multiIdentifyTests */,
				74F0B51326125799001FDB79 /* multiIdentifyUITests */,
			);
		};
/* End PBXProject section */

/* Begin PBXResourcesBuildPhase section */
		74F0B4F126125798001FDB79 /* Resources */ = {
			isa = PBXResourcesBuildPhase;
			buildActionMask = 2147483647;
			files = (
				C378D1BD263498B9008DB6E1 /* airFilter.json in Resources */,
				74F0B4F926125798001FDB79 /* art.scnassets in Resources */,
				C378D1B5263496E8008DB6E1 /* pbj.json in Resources */,
				74F0B50326125799001FDB79 /* LaunchScreen.storyboard in Resources */,
				C378D1AD26349455008DB6E1 /* cadoo.json in Resources */,
				74F0B50026125799001FDB79 /* Assets.xcassets in Resources */,
				74F0B4FE26125798001FDB79 /* Main.storyboard in Resources */,
			);
			runOnlyForDeploymentPostprocessing = 0;
		};
		74F0B50726125799001FDB79 /* Resources */ = {
			isa = PBXResourcesBuildPhase;
			buildActionMask = 2147483647;
			files = (
			);
			runOnlyForDeploymentPostprocessing = 0;
		};
		74F0B51226125799001FDB79 /* Resources */ = {
			isa = PBXResourcesBuildPhase;
			buildActionMask = 2147483647;
			files = (
			);
			runOnlyForDeploymentPostprocessing = 0;
		};
/* End PBXResourcesBuildPhase section */

/* Begin PBXSourcesBuildPhase section */
		74F0B4EF26125798001FDB79 /* Sources */ = {
			isa = PBXSourcesBuildPhase;
			buildActionMask = 2147483647;
			files = (
				74F53B01264B132D00DDB0E5 /* LoginViewController.swift in Sources */,
				74F53B14264B164600DDB0E5 /* libraryViewController.swift in Sources */,
				74F53B0C264B153800DDB0E5 /* arViewController.swift in Sources */,
				74F53B1E264B16E800DDB0E5 /* CreateController.swift in Sources */,
				C378D1A22633BD1D008DB6E1 /* JsonDecode.swift in Sources */,
				74F0B52F261257D4001FDB79 /* Step.swift in Sources */,
				74F0B4F726125798001FDB79 /* AppDelegate.swift in Sources */,
				74F0B53426125B4B001FDB79 /* InstructionText.swift in Sources */,
			);
			runOnlyForDeploymentPostprocessing = 0;
		};
		74F0B50526125799001FDB79 /* Sources */ = {
			isa = PBXSourcesBuildPhase;
			buildActionMask = 2147483647;
			files = (
				74F0B50E26125799001FDB79 /* multiIdentifyTests.swift in Sources */,
			);
			runOnlyForDeploymentPostprocessing = 0;
		};
		74F0B51026125799001FDB79 /* Sources */ = {
			isa = PBXSourcesBuildPhase;
			buildActionMask = 2147483647;
			files = (
				74F0B51926125799001FDB79 /* multiIdentifyUITests.swift in Sources */,
			);
			runOnlyForDeploymentPostprocessing = 0;
		};
/* End PBXSourcesBuildPhase section */

/* Begin PBXTargetDependency section */
		74F0B50B26125799001FDB79 /* PBXTargetDependency */ = {
			isa = PBXTargetDependency;
			target = 74F0B4F226125798001FDB79 /* multiIdentify */;
			targetProxy = 74F0B50A26125799001FDB79 /* PBXContainerItemProxy */;
		};
		74F0B51626125799001FDB79 /* PBXTargetDependency */ = {
			isa = PBXTargetDependency;
			target = 74F0B4F226125798001FDB79 /* multiIdentify */;
			targetProxy = 74F0B51526125799001FDB79 /* PBXContainerItemProxy */;
		};
/* End PBXTargetDependency section */

/* Begin PBXVariantGroup section */
		74F0B4FC26125798001FDB79 /* Main.storyboard */ = {
			isa = PBXVariantGroup;
			children = (
				74F0B4FD26125798001FDB79 /* Base */,
			);
			name = Main.storyboard;
			sourceTree = "<group>";
		};
		74F0B50126125799001FDB79 /* LaunchScreen.storyboard */ = {
			isa = PBXVariantGroup;
			children = (
				74F0B50226125799001FDB79 /* Base */,
			);
			name = LaunchScreen.storyboard;
			sourceTree = "<group>";
		};
/* End PBXVariantGroup section */

/* Begin XCBuildConfiguration section */
		74F0B51B26125799001FDB79 /* Debug */ = {
			isa = XCBuildConfiguration;
			buildSettings = {
				ALWAYS_SEARCH_USER_PATHS = NO;
				CLANG_ANALYZER_NONNULL = YES;
				CLANG_ANALYZER_NUMBER_OBJECT_CONVERSION = YES_AGGRESSIVE;
				CLANG_CXX_LANGUAGE_STANDARD = "gnu++14";
				CLANG_CXX_LIBRARY = "libc++";
				CLANG_ENABLE_MODULES = YES;
				CLANG_ENABLE_OBJC_ARC = YES;
				CLANG_ENABLE_OBJC_WEAK = YES;
				CLANG_WARN_BLOCK_CAPTURE_AUTORELEASING = YES;
				CLANG_WARN_BOOL_CONVERSION = YES;
				CLANG_WARN_COMMA = YES;
				CLANG_WARN_CONSTANT_CONVERSION = YES;
				CLANG_WARN_DEPRECATED_OBJC_IMPLEMENTATIONS = YES;
				CLANG_WARN_DIRECT_OBJC_ISA_USAGE = YES_ERROR;
				CLANG_WARN_DOCUMENTATION_COMMENTS = YES;
				CLANG_WARN_EMPTY_BODY = YES;
				CLANG_WARN_ENUM_CONVERSION = YES;
				CLANG_WARN_INFINITE_RECURSION = YES;
				CLANG_WARN_INT_CONVERSION = YES;
				CLANG_WARN_NON_LITERAL_NULL_CONVERSION = YES;
				CLANG_WARN_OBJC_IMPLICIT_RETAIN_SELF = YES;
				CLANG_WARN_OBJC_LITERAL_CONVERSION = YES;
				CLANG_WARN_OBJC_ROOT_CLASS = YES_ERROR;
				CLANG_WARN_QUOTED_INCLUDE_IN_FRAMEWORK_HEADER = YES;
				CLANG_WARN_RANGE_LOOP_ANALYSIS = YES;
				CLANG_WARN_STRICT_PROTOTYPES = YES;
				CLANG_WARN_SUSPICIOUS_MOVE = YES;
				CLANG_WARN_UNGUARDED_AVAILABILITY = YES_AGGRESSIVE;
				CLANG_WARN_UNREACHABLE_CODE = YES;
				CLANG_WARN__DUPLICATE_METHOD_MATCH = YES;
				COPY_PHASE_STRIP = NO;
				DEBUG_INFORMATION_FORMAT = dwarf;
				ENABLE_STRICT_OBJC_MSGSEND = YES;
				ENABLE_TESTABILITY = YES;
				GCC_C_LANGUAGE_STANDARD = gnu11;
				GCC_DYNAMIC_NO_PIC = NO;
				GCC_NO_COMMON_BLOCKS = YES;
				GCC_OPTIMIZATION_LEVEL = 0;
				GCC_PREPROCESSOR_DEFINITIONS = (
					"DEBUG=1",
					"$(inherited)",
				);
				GCC_WARN_64_TO_32_BIT_CONVERSION = YES;
				GCC_WARN_ABOUT_RETURN_TYPE = YES_ERROR;
				GCC_WARN_UNDECLARED_SELECTOR = YES;
				GCC_WARN_UNINITIALIZED_AUTOS = YES_AGGRESSIVE;
				GCC_WARN_UNUSED_FUNCTION = YES;
				GCC_WARN_UNUSED_VARIABLE = YES;
				IPHONEOS_DEPLOYMENT_TARGET = 13.1;
				MTL_ENABLE_DEBUG_INFO = INCLUDE_SOURCE;
				MTL_FAST_MATH = YES;
				ONLY_ACTIVE_ARCH = YES;
				SDKROOT = iphoneos;
				SWIFT_ACTIVE_COMPILATION_CONDITIONS = DEBUG;
				SWIFT_OPTIMIZATION_LEVEL = "-Onone";
			};
			name = Debug;
		};
		74F0B51C26125799001FDB79 /* Release */ = {
			isa = XCBuildConfiguration;
			buildSettings = {
				ALWAYS_SEARCH_USER_PATHS = NO;
				CLANG_ANALYZER_NONNULL = YES;
				CLANG_ANALYZER_NUMBER_OBJECT_CONVERSION = YES_AGGRESSIVE;
				CLANG_CXX_LANGUAGE_STANDARD = "gnu++14";
				CLANG_CXX_LIBRARY = "libc++";
				CLANG_ENABLE_MODULES = YES;
				CLANG_ENABLE_OBJC_ARC = YES;
				CLANG_ENABLE_OBJC_WEAK = YES;
				CLANG_WARN_BLOCK_CAPTURE_AUTORELEASING = YES;
				CLANG_WARN_BOOL_CONVERSION = YES;
				CLANG_WARN_COMMA = YES;
				CLANG_WARN_CONSTANT_CONVERSION = YES;
				CLANG_WARN_DEPRECATED_OBJC_IMPLEMENTATIONS = YES;
				CLANG_WARN_DIRECT_OBJC_ISA_USAGE = YES_ERROR;
				CLANG_WARN_DOCUMENTATION_COMMENTS = YES;
				CLANG_WARN_EMPTY_BODY = YES;
				CLANG_WARN_ENUM_CONVERSION = YES;
				CLANG_WARN_INFINITE_RECURSION = YES;
				CLANG_WARN_INT_CONVERSION = YES;
				CLANG_WARN_NON_LITERAL_NULL_CONVERSION = YES;
				CLANG_WARN_OBJC_IMPLICIT_RETAIN_SELF = YES;
				CLANG_WARN_OBJC_LITERAL_CONVERSION = YES;
				CLANG_WARN_OBJC_ROOT_CLASS = YES_ERROR;
				CLANG_WARN_QUOTED_INCLUDE_IN_FRAMEWORK_HEADER = YES;
				CLANG_WARN_RANGE_LOOP_ANALYSIS = YES;
				CLANG_WARN_STRICT_PROTOTYPES = YES;
				CLANG_WARN_SUSPICIOUS_MOVE = YES;
				CLANG_WARN_UNGUARDED_AVAILABILITY = YES_AGGRESSIVE;
				CLANG_WARN_UNREACHABLE_CODE = YES;
				CLANG_WARN__DUPLICATE_METHOD_MATCH = YES;
				COPY_PHASE_STRIP = NO;
				DEBUG_INFORMATION_FORMAT = "dwarf-with-dsym";
				ENABLE_NS_ASSERTIONS = NO;
				ENABLE_STRICT_OBJC_MSGSEND = YES;
				GCC_C_LANGUAGE_STANDARD = gnu11;
				GCC_NO_COMMON_BLOCKS = YES;
				GCC_WARN_64_TO_32_BIT_CONVERSION = YES;
				GCC_WARN_ABOUT_RETURN_TYPE = YES_ERROR;
				GCC_WARN_UNDECLARED_SELECTOR = YES;
				GCC_WARN_UNINITIALIZED_AUTOS = YES_AGGRESSIVE;
				GCC_WARN_UNUSED_FUNCTION = YES;
				GCC_WARN_UNUSED_VARIABLE = YES;
				IPHONEOS_DEPLOYMENT_TARGET = 13.1;
				MTL_ENABLE_DEBUG_INFO = NO;
				MTL_FAST_MATH = YES;
				SDKROOT = iphoneos;
				SWIFT_COMPILATION_MODE = wholemodule;
				SWIFT_OPTIMIZATION_LEVEL = "-O";
				VALIDATE_PRODUCT = YES;
			};
			name = Release;
		};
		74F0B51E26125799001FDB79 /* Debug */ = {
			isa = XCBuildConfiguration;
			buildSettings = {
				ASSETCATALOG_COMPILER_APPICON_NAME = AppIcon;
				ASSETCATALOG_COMPILER_GLOBAL_ACCENT_COLOR_NAME = AccentColor;
				CODE_SIGN_STYLE = Automatic;
				CURRENT_PROJECT_VERSION = 16;
				DEVELOPMENT_TEAM = 6V5PK9N25M;
				INFOPLIST_FILE = multiIdentify/Info.plist;
				IPHONEOS_DEPLOYMENT_TARGET = 13.1;
				LD_RUNPATH_SEARCH_PATHS = (
					"$(inherited)",
					"@executable_path/Frameworks",
				);
				PRODUCT_BUNDLE_IDENTIFIER = "Soren-Andersen.WalkThru";
				PRODUCT_NAME = "$(TARGET_NAME)";
				SWIFT_VERSION = 5.0;
				TARGETED_DEVICE_FAMILY = "1,2";
			};
			name = Debug;
		};
		74F0B51F26125799001FDB79 /* Release */ = {
			isa = XCBuildConfiguration;
			buildSettings = {
				ASSETCATALOG_COMPILER_APPICON_NAME = AppIcon;
				ASSETCATALOG_COMPILER_GLOBAL_ACCENT_COLOR_NAME = AccentColor;
				CODE_SIGN_STYLE = Automatic;
				CURRENT_PROJECT_VERSION = 16;
				DEVELOPMENT_TEAM = 6V5PK9N25M;
				INFOPLIST_FILE = multiIdentify/Info.plist;
				IPHONEOS_DEPLOYMENT_TARGET = 13.1;
				LD_RUNPATH_SEARCH_PATHS = (
					"$(inherited)",
					"@executable_path/Frameworks",
				);
				PRODUCT_BUNDLE_IDENTIFIER = "Soren-Andersen.WalkThru";
				PRODUCT_NAME = "$(TARGET_NAME)";
				SWIFT_VERSION = 5.0;
				TARGETED_DEVICE_FAMILY = "1,2";
			};
			name = Release;
		};
		74F0B52126125799001FDB79 /* Debug */ = {
			isa = XCBuildConfiguration;
			buildSettings = {
				ALWAYS_EMBED_SWIFT_STANDARD_LIBRARIES = YES;
				BUNDLE_LOADER = "$(TEST_HOST)";
				CODE_SIGN_STYLE = Automatic;
				INFOPLIST_FILE = multiIdentifyTests/Info.plist;
				IPHONEOS_DEPLOYMENT_TARGET = 14.1;
				LD_RUNPATH_SEARCH_PATHS = (
					"$(inherited)",
					"@executable_path/Frameworks",
					"@loader_path/Frameworks",
				);
				PRODUCT_BUNDLE_IDENTIFIER = "Soren-Andersen.multiIdentifyTests";
				PRODUCT_NAME = "$(TARGET_NAME)";
				SWIFT_VERSION = 5.0;
				TARGETED_DEVICE_FAMILY = "1,2";
				TEST_HOST = "$(BUILT_PRODUCTS_DIR)/multiIdentify.app/multiIdentify";
			};
			name = Debug;
		};
		74F0B52226125799001FDB79 /* Release */ = {
			isa = XCBuildConfiguration;
			buildSettings = {
				ALWAYS_EMBED_SWIFT_STANDARD_LIBRARIES = YES;
				BUNDLE_LOADER = "$(TEST_HOST)";
				CODE_SIGN_STYLE = Automatic;
				INFOPLIST_FILE = multiIdentifyTests/Info.plist;
				IPHONEOS_DEPLOYMENT_TARGET = 14.1;
				LD_RUNPATH_SEARCH_PATHS = (
					"$(inherited)",
					"@executable_path/Frameworks",
					"@loader_path/Frameworks",
				);
				PRODUCT_BUNDLE_IDENTIFIER = "Soren-Andersen.multiIdentifyTests";
				PRODUCT_NAME = "$(TARGET_NAME)";
				SWIFT_VERSION = 5.0;
				TARGETED_DEVICE_FAMILY = "1,2";
				TEST_HOST = "$(BUILT_PRODUCTS_DIR)/multiIdentify.app/multiIdentify";
			};
			name = Release;
		};
		74F0B52426125799001FDB79 /* Debug */ = {
			isa = XCBuildConfiguration;
			buildSettings = {
				ALWAYS_EMBED_SWIFT_STANDARD_LIBRARIES = YES;
				CODE_SIGN_STYLE = Automatic;
				INFOPLIST_FILE = multiIdentifyUITests/Info.plist;
				LD_RUNPATH_SEARCH_PATHS = (
					"$(inherited)",
					"@executable_path/Frameworks",
					"@loader_path/Frameworks",
				);
				PRODUCT_BUNDLE_IDENTIFIER = "Soren-Andersen.multiIdentifyUITests";
				PRODUCT_NAME = "$(TARGET_NAME)";
				SWIFT_VERSION = 5.0;
				TARGETED_DEVICE_FAMILY = "1,2";
				TEST_TARGET_NAME = multiIdentify;
			};
			name = Debug;
		};
		74F0B52526125799001FDB79 /* Release */ = {
			isa = XCBuildConfiguration;
			buildSettings = {
				ALWAYS_EMBED_SWIFT_STANDARD_LIBRARIES = YES;
				CODE_SIGN_STYLE = Automatic;
				INFOPLIST_FILE = multiIdentifyUITests/Info.plist;
				LD_RUNPATH_SEARCH_PATHS = (
					"$(inherited)",
					"@executable_path/Frameworks",
					"@loader_path/Frameworks",
				);
				PRODUCT_BUNDLE_IDENTIFIER = "Soren-Andersen.multiIdentifyUITests";
				PRODUCT_NAME = "$(TARGET_NAME)";
				SWIFT_VERSION = 5.0;
				TARGETED_DEVICE_FAMILY = "1,2";
				TEST_TARGET_NAME = multiIdentify;
			};
			name = Release;
		};
/* End XCBuildConfiguration section */

/* Begin XCConfigurationList section */
		74F0B4EE26125798001FDB79 /* Build configuration list for PBXProject "multiIdentify" */ = {
			isa = XCConfigurationList;
			buildConfigurations = (
				74F0B51B26125799001FDB79 /* Debug */,
				74F0B51C26125799001FDB79 /* Release */,
			);
			defaultConfigurationIsVisible = 0;
			defaultConfigurationName = Release;
		};
		74F0B51D26125799001FDB79 /* Build configuration list for PBXNativeTarget "multiIdentify" */ = {
			isa = XCConfigurationList;
			buildConfigurations = (
				74F0B51E26125799001FDB79 /* Debug */,
				74F0B51F26125799001FDB79 /* Release */,
			);
			defaultConfigurationIsVisible = 0;
			defaultConfigurationName = Release;
		};
		74F0B52026125799001FDB79 /* Build configuration list for PBXNativeTarget "multiIdentifyTests" */ = {
			isa = XCConfigurationList;
			buildConfigurations = (
				74F0B52126125799001FDB79 /* Debug */,
				74F0B52226125799001FDB79 /* Release */,
			);
			defaultConfigurationIsVisible = 0;
			defaultConfigurationName = Release;
		};
		74F0B52326125799001FDB79 /* Build configuration list for PBXNativeTarget "multiIdentifyUITests" */ = {
			isa = XCConfigurationList;
			buildConfigurations = (
				74F0B52426125799001FDB79 /* Debug */,
				74F0B52526125799001FDB79 /* Release */,
			);
			defaultConfigurationIsVisible = 0;
			defaultConfigurationName = Release;
		};
/* End XCConfigurationList section */
	};
	rootObject = 74F0B4EB26125798001FDB79 /* Project object */;
}
